
Microsoft Visual Studio Solution File, Format Version 12.00
# Visual Studio Version 17
VisualStudioVersion = 17.10.35122.118
MinimumVisualStudioVersion = 10.0.40219.1
Project("{FAE04EC0-301F-11D3-BF4B-00C04F79EFBC}") = "RelationalOperators", "RelationalOperators.csproj", "{5C11A7C6-EBDE-4804-9997-FA31DA133B63}"
EndProject
Global
	GlobalSection(SolutionConfigurationPlatforms) = preSolution
		Debug|Any CPU = Debug|Any CPU
		Release|Any CPU = Release|Any CPU
	EndGlobalSection
	GlobalSection(ProjectConfigurationPlatforms) = postSolution
		{5C11A7C6-EBDE-4804-9997-FA31DA133B63}.Debug|Any CPU.ActiveCfg = Debug|Any CPU
		{5C11A7C6-EBDE-4804-9997-FA31DA133B63}.Debug|Any CPU.Build.0 = Debug|Any CPU
		{5C11A7C6-EBDE-4804-9997-FA31DA133B63}.Release|Any CPU.ActiveCfg = Release|Any CPU
		{5C11A7C6-EBDE-4804-9997-FA31DA133B63}.Release|Any CPU.Build.0 = Release|Any CPU
	EndGlobalSection
	GlobalSection(SolutionProperties) = preSolution
		HideSolutionNode = FALSE
	EndGlobalSection
	GlobalSection(ExtensibilityGlobals) = postSolution
		SolutionGuid = {6418A0E8-F629-46DC-B409-9A2751491A4B}
	EndGlobalSection
EndGlobal
